
Microsoft Visual Studio Solution File, Format Version 12.00
# Visual Studio Version 16
VisualStudioVersion = 16.0.30611.23
MinimumVisualStudioVersion = 10.0.40219.1
Project("{9A19103F-16F7-4668-BE54-9A1E7A4F7556}") = "Group_Project", "Group_Project\Group_Project.csproj", "{0682BBE3-CE5B-41C8-B96A-A1A7F94ED20D}"
EndProject
Global
	GlobalSection(SolutionConfigurationPlatforms) = preSolution
		Debug|Any CPU = Debug|Any CPU
		Release|Any CPU = Release|Any CPU
	EndGlobalSection
	GlobalSection(ProjectConfigurationPlatforms) = postSolution
		{0682BBE3-CE5B-41C8-B96A-A1A7F94ED20D}.Debug|Any CPU.ActiveCfg = Debug|Any CPU
		{0682BBE3-CE5B-41C8-B96A-A1A7F94ED20D}.Debug|Any CPU.Build.0 = Debug|Any CPU
		{0682BBE3-CE5B-41C8-B96A-A1A7F94ED20D}.Release|Any CPU.ActiveCfg = Release|Any CPU
		{0682BBE3-CE5B-41C8-B96A-A1A7F94ED20D}.Release|Any CPU.Build.0 = Release|Any CPU
	EndGlobalSection
	GlobalSection(SolutionProperties) = preSolution
		HideSolutionNode = FALSE
	EndGlobalSection
	GlobalSection(ExtensibilityGlobals) = postSolution
		SolutionGuid = {77EB2173-7E16-4C70-82B3-234EBCC5687D}
	EndGlobalSection
EndGlobal
